
Microsoft Visual Studio Solution File, Format Version 12.00
# Visual Studio 15
VisualStudioVersion = 15.0.27428.2005
MinimumVisualStudioVersion = 10.0.40219.1
Project("{FAE04EC0-301F-11D3-BF4B-00C04F79EFBC}") = "HotsScores", "HotsScores\HotsScores.csproj", "{8761AD76-6938-4DA3-9D06-44FA6FED9177}"
EndProject
Global
	GlobalSection(SolutionConfigurationPlatforms) = preSolution
		Debug|Any CPU = Debug|Any CPU
		Release|Any CPU = Release|Any CPU
	EndGlobalSection
	GlobalSection(ProjectConfigurationPlatforms) = postSolution
		{8761AD76-6938-4DA3-9D06-44FA6FED9177}.Debug|Any CPU.ActiveCfg = Debug|Any CPU
		{8761AD76-6938-4DA3-9D06-44FA6FED9177}.Debug|Any CPU.Build.0 = Debug|Any CPU
		{8761AD76-6938-4DA3-9D06-44FA6FED9177}.Release|Any CPU.ActiveCfg = Release|Any CPU
		{8761AD76-6938-4DA3-9D06-44FA6FED9177}.Release|Any CPU.Build.0 = Release|Any CPU
	EndGlobalSection
	GlobalSection(SolutionProperties) = preSolution
		HideSolutionNode = FALSE
	EndGlobalSection
	GlobalSection(ExtensibilityGlobals) = postSolution
		SolutionGuid = {CDD44F6F-3B24-44B6-B3DB-A15B93282870}
	EndGlobalSection
EndGlobal
